
Microsoft Visual Studio Solution File, Format Version 12.00
# Visual Studio Version 17
VisualStudioVersion = 17.2.32630.192
MinimumVisualStudioVersion = 10.0.40219.1
Project("{FAE04EC0-301F-11D3-BF4B-00C04F79EFBC}") = "Vehicle.WebAPI", "Vehicle.WebAPI\Vehicle.WebAPI.csproj", "{84A6B9D3-EFE8-42EF-BC74-6C313AF14235}"
EndProject
Global
	GlobalSection(SolutionConfigurationPlatforms) = preSolution
		Debug|Any CPU = Debug|Any CPU
		Release|Any CPU = Release|Any CPU
	EndGlobalSection
	GlobalSection(ProjectConfigurationPlatforms) = postSolution
		{84A6B9D3-EFE8-42EF-BC74-6C313AF14235}.Debug|Any CPU.ActiveCfg = Debug|Any CPU
		{84A6B9D3-EFE8-42EF-BC74-6C313AF14235}.Debug|Any CPU.Build.0 = Debug|Any CPU
		{84A6B9D3-EFE8-42EF-BC74-6C313AF14235}.Release|Any CPU.ActiveCfg = Release|Any CPU
		{84A6B9D3-EFE8-42EF-BC74-6C313AF14235}.Release|Any CPU.Build.0 = Release|Any CPU
	EndGlobalSection
	GlobalSection(SolutionProperties) = preSolution
		HideSolutionNode = FALSE
	EndGlobalSection
	GlobalSection(ExtensibilityGlobals) = postSolution
		SolutionGuid = {33A01300-8C79-4A23-A2BD-6158750106B6}
	EndGlobalSection
EndGlobal
